
Microsoft Visual Studio Solution File, Format Version 12.00
Project("{FAE04EC0-301F-11D3-BF4B-00C04F79EFBC}") = "ByteBank", "ByteBank\ByteBank.csproj", "{99997C2C-A04F-4CD6-A728-A987C463883D}"
EndProject
Global
	GlobalSection(SolutionConfigurationPlatforms) = preSolution
		Debug|Any CPU = Debug|Any CPU
		Release|Any CPU = Release|Any CPU
	EndGlobalSection
	GlobalSection(ProjectConfigurationPlatforms) = postSolution
		{99997C2C-A04F-4CD6-A728-A987C463883D}.Debug|Any CPU.ActiveCfg = Debug|Any CPU
		{99997C2C-A04F-4CD6-A728-A987C463883D}.Debug|Any CPU.Build.0 = Debug|Any CPU
		{99997C2C-A04F-4CD6-A728-A987C463883D}.Release|Any CPU.ActiveCfg = Release|Any CPU
		{99997C2C-A04F-4CD6-A728-A987C463883D}.Release|Any CPU.Build.0 = Release|Any CPU
	EndGlobalSection
EndGlobal
